<?xml version="1.0" encoding="utf-8"?>
<Project ToolsVersion="4.0" xmlns="http://schemas.microsoft.com/developer/msbuild/2003">
  <ItemGroup>
    <Filter Include="Header Files">
      <UniqueIdentifier>{9f8e4766-4479-4785-b371-557f52a4682b}</UniqueIdentifier>
    </Filter>
    <Filter Include="Source Files">
      <UniqueIdentifier>{bf9d3632-b8eb-4b2c-a1b0-8e031fd38bb0}</UniqueIdentifier>
    </Filter>
  </ItemGroup>
  <ItemGroup>
    <CudaCompile Include="vec.cu">
      <Filter>Source Files</Filter>
    </CudaCompile>
    <CudaCompile Include="utils.cpp">
      <Filter>Source Files</Filter>
    </CudaCompile>
    <CudaCompile Include="cvt_color.cu">
      <Filter>Source Files</Filter>
    </CudaCompile>
    <CudaCompile Include="convolution.cu">
      <Filter>Source Files</Filter>
    </CudaCompile>
    <CudaCompile Include="morph.cu">
      <Filter>Source Files</Filter>
    </CudaCompile>
    <CudaCompile Include="scaling.cu">
      <Filter>Source Files</Filter>
    </CudaCompile>
    <CudaCompile Include="memory.cpp">
      <Filter>Source Files</Filter>
    </CudaCompile>
    <CudaCompile Include="hist_eq.cu">
      <Filter>Source Files</Filter>
    </CudaCompile>
    <CudaCompile Include="ccl.cu">
      <Filter>Source Files</Filter>
    </CudaCompile>
    <CudaCompile Include="hough.cu">
      <Filter>Source Files</Filter>
    </CudaCompile>
    <CudaCompile Include="canny.cu">
      <Filter>Source Files</Filter>
    </CudaCompile>
    <CudaCompile Include="template_match.cu">
      <Filter>Source Files</Filter>
    </CudaCompile>
    <CudaCompile Include="rotate.cu">
      <Filter>Source Files</Filter>
    </CudaCompile>
    <CudaCompile Include="thinning.cu">
      <Filter>Source Files</Filter>
    </CudaCompile>
  </ItemGroup>
  <ItemGroup>
    <ClInclude Include="my_cuda_lib.h">
      <Filter>Header Files</Filter>
    </ClInclude>
    <ClInclude Include="utils.h">
      <Filter>Header Files</Filter>
    </ClInclude>
  </ItemGroup>
  <ItemGroup>
    <None Include="helper_cuda.h">
      <Filter>Header Files</Filter>
    </None>
  </ItemGroup>
</Project>